
Microsoft Visual Studio Solution File, Format Version 12.00
# Visual Studio 15
VisualStudioVersion = 15.0.27703.2026
MinimumVisualStudioVersion = 10.0.40219.1
Project("{FAE04EC0-301F-11D3-BF4B-00C04F79EFBC}") = "Outlook_ClassifyEmailAddOn", "Outlook_ClassifyEmailAddOn\Outlook_ClassifyEmailAddOn.csproj", "{53A8BCDF-824B-4E30-BE18-3CAB601DE01E}"
EndProject
Global
	GlobalSection(SolutionConfigurationPlatforms) = preSolution
		Debug|Any CPU = Debug|Any CPU
		Release|Any CPU = Release|Any CPU
	EndGlobalSection
	GlobalSection(ProjectConfigurationPlatforms) = postSolution
		{53A8BCDF-824B-4E30-BE18-3CAB601DE01E}.Debug|Any CPU.ActiveCfg = Debug|Any CPU
		{53A8BCDF-824B-4E30-BE18-3CAB601DE01E}.Debug|Any CPU.Build.0 = Debug|Any CPU
		{53A8BCDF-824B-4E30-BE18-3CAB601DE01E}.Release|Any CPU.ActiveCfg = Release|Any CPU
		{53A8BCDF-824B-4E30-BE18-3CAB601DE01E}.Release|Any CPU.Build.0 = Release|Any CPU
	EndGlobalSection
	GlobalSection(SolutionProperties) = preSolution
		HideSolutionNode = FALSE
	EndGlobalSection
	GlobalSection(ExtensibilityGlobals) = postSolution
		SolutionGuid = {32EC8594-5450-4A86-9E44-83A6AC45C4EA}
	EndGlobalSection
EndGlobal
